
Microsoft Visual Studio Solution File, Format Version 12.00
# Visual Studio Version 16
VisualStudioVersion = 16.0.30128.74
MinimumVisualStudioVersion = 10.0.40219.1
Project("{FAE04EC0-301F-11D3-BF4B-00C04F79EFBC}") = "quartz_app", "quartz_app.csproj", "{1AC1139F-2795-43FC-9A1E-F84B4D7706C1}"
EndProject
Project("{FAE04EC0-301F-11D3-BF4B-00C04F79EFBC}") = "quartz_app.core", "quartz_app.core\quartz_app.core.csproj", "{1DA4FF84-9DA3-429F-9BDA-6DE050F28825}"
EndProject
Project("{FAE04EC0-301F-11D3-BF4B-00C04F79EFBC}") = "quartz_app.db", "quartz_app.db\quartz_app.db.csproj", "{0D88635B-0472-4516-B668-1064814E4E23}"
EndProject
Global
	GlobalSection(SolutionConfigurationPlatforms) = preSolution
		Debug|Any CPU = Debug|Any CPU
		Release|Any CPU = Release|Any CPU
	EndGlobalSection
	GlobalSection(ProjectConfigurationPlatforms) = postSolution
		{1AC1139F-2795-43FC-9A1E-F84B4D7706C1}.Debug|Any CPU.ActiveCfg = Debug|Any CPU
		{1AC1139F-2795-43FC-9A1E-F84B4D7706C1}.Debug|Any CPU.Build.0 = Debug|Any CPU
		{1AC1139F-2795-43FC-9A1E-F84B4D7706C1}.Release|Any CPU.ActiveCfg = Release|Any CPU
		{1AC1139F-2795-43FC-9A1E-F84B4D7706C1}.Release|Any CPU.Build.0 = Release|Any CPU
		{1DA4FF84-9DA3-429F-9BDA-6DE050F28825}.Debug|Any CPU.ActiveCfg = Debug|Any CPU
		{1DA4FF84-9DA3-429F-9BDA-6DE050F28825}.Debug|Any CPU.Build.0 = Debug|Any CPU
		{1DA4FF84-9DA3-429F-9BDA-6DE050F28825}.Release|Any CPU.ActiveCfg = Release|Any CPU
		{1DA4FF84-9DA3-429F-9BDA-6DE050F28825}.Release|Any CPU.Build.0 = Release|Any CPU
		{0D88635B-0472-4516-B668-1064814E4E23}.Debug|Any CPU.ActiveCfg = Debug|Any CPU
		{0D88635B-0472-4516-B668-1064814E4E23}.Debug|Any CPU.Build.0 = Debug|Any CPU
		{0D88635B-0472-4516-B668-1064814E4E23}.Release|Any CPU.ActiveCfg = Release|Any CPU
		{0D88635B-0472-4516-B668-1064814E4E23}.Release|Any CPU.Build.0 = Release|Any CPU
	EndGlobalSection
	GlobalSection(SolutionProperties) = preSolution
		HideSolutionNode = FALSE
	EndGlobalSection
	GlobalSection(ExtensibilityGlobals) = postSolution
		SolutionGuid = {7EB4792B-2763-416B-8088-39ECE57186F8}
	EndGlobalSection
EndGlobal
